// !$*UTF8*$!
{
	archiveVersion = 1;
	classes = {
	};
	objectVersion = 46;
	objects = {

/* Begin PBXBuildFile section */
		1D3332521F60E6C400312D2B /* main.c in Sources */ = {isa = PBXBuildFile; fileRef = 1D3332511F60E6C400312D2B /* main.c */; };
		1D33325A1F60F72B00312D2B /* quicksort.c in Sources */ = {isa = PBXBuildFile; fileRef = 1D3332591F60F72B00312D2B /* quicksort.c */; };
/* End PBXBuildFile section */

/* Begin PBXCopyFilesBuildPhase section */
		1D33324C1F60E6C400312D2B /* CopyFiles */ = {
			isa = PBXCopyFilesBuildPhase;
			buildActionMask = 2147483647;
			dstPath = /usr/share/man/man1/;
			dstSubfolderSpec = 0;
			files = (
			);
			runOnlyForDeploymentPostprocessing = 1;
		};
/* End PBXCopyFilesBuildPhase section */

/* Begin PBXFileReference section */
		1D33324E1F60E6C400312D2B /* Remove_Duplicates_In_String */ = {isa = PBXFileReference; explicitFileType = "compiled.mach-o.executable"; includeInIndex = 0; path = Remove_Duplicates_In_String; sourceTree = BUILT_PRODUCTS_DIR; };
		1D3332511F60E6C400312D2B /* main.c */ = {isa = PBXFileReference; lastKnownFileType = sourcecode.c.c; path = main.c; sourceTree = "<group>"; };
		1D3332581F60F69B00312D2B /* quicksort.h */ = {isa = PBXFileReference; lastKnownFileType = sourcecode.c.h; path = quicksort.h; sourceTree = "<group>"; };
		1D3332591F60F72B00312D2B /* quicksort.c */ = {isa = PBXFileReference; fileEncoding = 4; lastKnownFileType = sourcecode.c.c; path = quicksort.c; sourceTree = "<group>"; };
/* End PBXFileReference section */

/* Begin PBXFrameworksBuildPhase section */
		1D33324B1F60E6C400312D2B /* Frameworks */ = {
			isa = PBXFrameworksBuildPhase;
			buildActionMask = 2147483647;
			files = (
			);
			runOnlyForDeploymentPostprocessing = 0;
		};
/* End PBXFrameworksBuildPhase section */

/* Begin PBXGroup section */
		1D3332451F60E6C400312D2B = {
			isa = PBXGroup;
			children = (
				1D3332501F60E6C400312D2B /* Remove_Duplicates_In_String */,
				1D33324F1F60E6C400312D2B /* Products */,
			);
			sourceTree = "<group>";
		};
		1D33324F1F60E6C400312D2B /* Products */ = {
			isa = PBXGroup;
			children = (
				1D33324E1F60E6C400312D2B /* Remove_Duplicates_In_String */,
			);
			name = Products;
			sourceTree = "<group>";
		};
		1D3332501F60E6C400312D2B /* Remove_Duplicates_In_String */ = {
			isa = PBXGroup;
			children = (
				1D3332511F60E6C400312D2B /* main.c */,
				1D3332581F60F69B00312D2B /* quicksort.h */,
				1D3332591F60F72B00312D2B /* quicksort.c */,
			);
			path = Remove_Duplicates_In_String;
			sourceTree = "<group>";
		};
/* End PBXGroup section */

/* Begin PBXNativeTarget section */
		1D33324D1F60E6C400312D2B /* Remove_Duplicates_In_String */ = {
			isa = PBXNativeTarget;
			buildConfigurationList = 1D3332551F60E6C400312D2B /* Build configuration list for PBXNativeTarget "Remove_Duplicates_In_String" */;
			buildPhases = (
				1D33324A1F60E6C400312D2B /* Sources */,
				1D33324B1F60E6C400312D2B /* Frameworks */,
				1D33324C1F60E6C400312D2B /* CopyFiles */,
			);
			buildRules = (
			);
			dependencies = (
			);
			name = Remove_Duplicates_In_String;
			productName = Remove_Duplicates_In_String;
			productReference = 1D33324E1F60E6C400312D2B /* Remove_Duplicates_In_String */;
			productType = "com.apple.product-type.tool";
		};
/* End PBXNativeTarget section */

/* Begin PBXProject section */
		1D3332461F60E6C400312D2B /* Project object */ = {
			isa = PBXProject;
			attributes = {
				LastUpgradeCheck = 0830;
				ORGANIZATIONNAME = "Anoja Rajalakshmi";
				TargetAttributes = {
					1D33324D1F60E6C400312D2B = {
						CreatedOnToolsVersion = 8.3.2;
						ProvisioningStyle = Automatic;
					};
				};
			};
			buildConfigurationList = 1D3332491F60E6C400312D2B /* Build configuration list for PBXProject "Remove_Duplicates_In_String" */;
			compatibilityVersion = "Xcode 3.2";
			developmentRegion = English;
			hasScannedForEncodings = 0;
			knownRegions = (
				en,
			);
			mainGroup = 1D3332451F60E6C400312D2B;
			productRefGroup = 1D33324F1F60E6C400312D2B /* Products */;
			projectDirPath = "";
			projectRoot = "";
			targets = (
				1D33324D1F60E6C400312D2B /* Remove_Duplicates_In_String */,
			);
		};
/* End PBXProject section */

/* Begin PBXSourcesBuildPhase section */
		1D33324A1F60E6C400312D2B /* Sources */ = {
			isa = PBXSourcesBuildPhase;
			buildActionMask = 2147483647;
			files = (
				1D3332521F60E6C400312D2B /* main.c in Sources */,
				1D33325A1F60F72B00312D2B /* quicksort.c in Sources */,
			);
			runOnlyForDeploymentPostprocessing = 0;
		};
/* End PBXSourcesBuildPhase section */

/* Begin XCBuildConfiguration section */
		1D3332531F60E6C400312D2B /* Debug */ = {
			isa = XCBuildConfiguration;
			buildSettings = {
				ALWAYS_SEARCH_USER_PATHS = NO;
				CLANG_ANALYZER_NONNULL = YES;
				CLANG_ANALYZER_NUMBER_OBJECT_CONVERSION = YES_AGGRESSIVE;
				CLANG_CXX_LANGUAGE_STANDARD = "gnu++0x";
				CLANG_CXX_LIBRARY = "libc++";
				CLANG_ENABLE_MODULES = YES;
				CLANG_ENABLE_OBJC_ARC = YES;
				CLANG_WARN_BOOL_CONVERSION = YES;
				CLANG_WARN_CONSTANT_CONVERSION = YES;
				CLANG_WARN_DIRECT_OBJC_ISA_USAGE = YES_ERROR;
				CLANG_WARN_DOCUMENTATION_COMMENTS = YES;
				CLANG_WARN_EMPTY_BODY = YES;
				CLANG_WARN_ENUM_CONVERSION = YES;
				CLANG_WARN_INFINITE_RECURSION = YES;
				CLANG_WARN_INT_CONVERSION = YES;
				CLANG_WARN_OBJC_ROOT_CLASS = YES_ERROR;
				CLANG_WARN_SUSPICIOUS_MOVE = YES;
				CLANG_WARN_UNREACHABLE_CODE = YES;
				CLANG_WARN__DUPLICATE_METHOD_MATCH = YES;
				CODE_SIGN_IDENTITY = "-";
				COPY_PHASE_STRIP = NO;
				DEBUG_INFORMATION_FORMAT = dwarf;
				ENABLE_STRICT_OBJC_MSGSEND = YES;
				ENABLE_TESTABILITY = YES;
				GCC_C_LANGUAGE_STANDARD = gnu99;
				GCC_DYNAMIC_NO_PIC = NO;
				GCC_NO_COMMON_BLOCKS = YES;
				GCC_OPTIMIZATION_LEVEL = 0;
				GCC_PREPROCESSOR_DEFINITIONS = (
					"DEBUG=1",
					"$(inherited)",
				);
				GCC_WARN_64_TO_32_BIT_CONVERSION = YES;
				GCC_WARN_ABOUT_RETURN_TYPE = YES_ERROR;
				GCC_WARN_UNDECLARED_SELECTOR = YES;
				GCC_WARN_UNINITIALIZED_AUTOS = YES_AGGRESSIVE;
				GCC_WARN_UNUSED_FUNCTION = YES;
				GCC_WARN_UNUSED_VARIABLE = YES;
				MACOSX_DEPLOYMENT_TARGET = 10.12;
				MTL_ENABLE_DEBUG_INFO = YES;
				ONLY_ACTIVE_ARCH = YES;
				SDKROOT = macosx;
			};
			name = Debug;
		};
		1D3332541F60E6C400312D2B /* Release */ = {
			isa = XCBuildConfiguration;
			buildSettings = {
				ALWAYS_SEARCH_USER_PATHS = NO;
				CLANG_ANALYZER_NONNULL = YES;
				CLANG_ANALYZER_NUMBER_OBJECT_CONVERSION = YES_AGGRESSIVE;
				CLANG_CXX_LANGUAGE_STANDARD = "gnu++0x";
				CLANG_CXX_LIBRARY = "libc++";
				CLANG_ENABLE_MODULES = YES;
				CLANG_ENABLE_OBJC_ARC = YES;
				CLANG_WARN_BOOL_CONVERSION = YES;
				CLANG_WARN_CONSTANT_CONVERSION = YES;
				CLANG_WARN_DIRECT_OBJC_ISA_USAGE = YES_ERROR;
				CLANG_WARN_DOCUMENTATION_COMMENTS = YES;
				CLANG_WARN_EMPTY_BODY = YES;
				CLANG_WARN_ENUM_CONVERSION = YES;
				CLANG_WARN_INFINITE_RECURSION = YES;
				CLANG_WARN_INT_CONVERSION = YES;
				CLANG_WARN_OBJC_ROOT_CLASS = YES_ERROR;
				CLANG_WARN_SUSPICIOUS_MOVE = YES;
				CLANG_WARN_UNREACHABLE_CODE = YES;
				CLANG_WARN__DUPLICATE_METHOD_MATCH = YES;
				CODE_SIGN_IDENTITY = "-";
				COPY_PHASE_STRIP = NO;
				DEBUG_INFORMATION_FORMAT = "dwarf-with-dsym";
				ENABLE_NS_ASSERTIONS = NO;
				ENABLE_STRICT_OBJC_MSGSEND = YES;
				GCC_C_LANGUAGE_STANDARD = gnu99;
				GCC_NO_COMMON_BLOCKS = YES;
				GCC_WARN_64_TO_32_BIT_CONVERSION = YES;
				GCC_WARN_ABOUT_RETURN_TYPE = YES_ERROR;
				GCC_WARN_UNDECLARED_SELECTOR = YES;
				GCC_WARN_UNINITIALIZED_AUTOS = YES_AGGRESSIVE;
				GCC_WARN_UNUSED_FUNCTION = YES;
				GCC_WARN_UNUSED_VARIABLE = YES;
				MACOSX_DEPLOYMENT_TARGET = 10.12;
				MTL_ENABLE_DEBUG_INFO = NO;
				SDKROOT = macosx;
			};
			name = Release;
		};
		1D3332561F60E6C400312D2B /* Debug */ = {
			isa = XCBuildConfiguration;
			buildSettings = {
				PRODUCT_NAME = "$(TARGET_NAME)";
			};
			name = Debug;
		};
		1D3332571F60E6C400312D2B /* Release */ = {
			isa = XCBuildConfiguration;
			buildSettings = {
				PRODUCT_NAME = "$(TARGET_NAME)";
			};
			name = Release;
		};
/* End XCBuildConfiguration section */

/* Begin XCConfigurationList section */
		1D3332491F60E6C400312D2B /* Build configuration list for PBXProject "Remove_Duplicates_In_String" */ = {
			isa = XCConfigurationList;
			buildConfigurations = (
				1D3332531F60E6C400312D2B /* Debug */,
				1D3332541F60E6C400312D2B /* Release */,
			);
			defaultConfigurationIsVisible = 0;
			defaultConfigurationName = Release;
		};
		1D3332551F60E6C400312D2B /* Build configuration list for PBXNativeTarget "Remove_Duplicates_In_String" */ = {
			isa = XCConfigurationList;
			buildConfigurations = (
				1D3332561F60E6C400312D2B /* Debug */,
				1D3332571F60E6C400312D2B /* Release */,
			);
			defaultConfigurationIsVisible = 0;
		};
/* End XCConfigurationList section */
	};
	rootObject = 1D3332461F60E6C400312D2B /* Project object */;
}
